
Microsoft Visual Studio Solution File, Format Version 12.00
# Visual Studio Version 17
VisualStudioVersion = 17.4.33205.214
MinimumVisualStudioVersion = 10.0.40219.1
Project("{FAE04EC0-301F-11D3-BF4B-00C04F79EFBC}") = "ConsoleDemoWord", "ConsoleDemoWord\ConsoleDemoWord.csproj", "{56E93805-BCB0-4C99-A7F0-CED86C2EA358}"
EndProject
Global
	GlobalSection(SolutionConfigurationPlatforms) = preSolution
		Debug|Any CPU = Debug|Any CPU
		Release|Any CPU = Release|Any CPU
	EndGlobalSection
	GlobalSection(ProjectConfigurationPlatforms) = postSolution
		{56E93805-BCB0-4C99-A7F0-CED86C2EA358}.Debug|Any CPU.ActiveCfg = Debug|Any CPU
		{56E93805-BCB0-4C99-A7F0-CED86C2EA358}.Debug|Any CPU.Build.0 = Debug|Any CPU
		{56E93805-BCB0-4C99-A7F0-CED86C2EA358}.Release|Any CPU.ActiveCfg = Release|Any CPU
		{56E93805-BCB0-4C99-A7F0-CED86C2EA358}.Release|Any CPU.Build.0 = Release|Any CPU
	EndGlobalSection
	GlobalSection(SolutionProperties) = preSolution
		HideSolutionNode = FALSE
	EndGlobalSection
	GlobalSection(ExtensibilityGlobals) = postSolution
		SolutionGuid = {E1650003-9E3B-4B3F-AF58-2F5D27F3A0C0}
	EndGlobalSection
EndGlobal
