
Microsoft Visual Studio Solution File, Format Version 12.00
# Visual Studio Version 17
VisualStudioVersion = 17.4.33205.214
MinimumVisualStudioVersion = 10.0.40219.1
Project("{FAE04EC0-301F-11D3-BF4B-00C04F79EFBC}") = "ConsoleDemoWeb", "ConsoleDemoWeb\ConsoleDemoWeb.csproj", "{84A2218E-AE55-4EFE-84B4-B7A59CC33E9A}"
EndProject
Global
	GlobalSection(SolutionConfigurationPlatforms) = preSolution
		Debug|Any CPU = Debug|Any CPU
		Release|Any CPU = Release|Any CPU
	EndGlobalSection
	GlobalSection(ProjectConfigurationPlatforms) = postSolution
		{84A2218E-AE55-4EFE-84B4-B7A59CC33E9A}.Debug|Any CPU.ActiveCfg = Debug|Any CPU
		{84A2218E-AE55-4EFE-84B4-B7A59CC33E9A}.Debug|Any CPU.Build.0 = Debug|Any CPU
		{84A2218E-AE55-4EFE-84B4-B7A59CC33E9A}.Release|Any CPU.ActiveCfg = Release|Any CPU
		{84A2218E-AE55-4EFE-84B4-B7A59CC33E9A}.Release|Any CPU.Build.0 = Release|Any CPU
	EndGlobalSection
	GlobalSection(SolutionProperties) = preSolution
		HideSolutionNode = FALSE
	EndGlobalSection
	GlobalSection(ExtensibilityGlobals) = postSolution
		SolutionGuid = {F88A9F7D-A37A-4CB9-9A52-ECE63AE69AC0}
	EndGlobalSection
EndGlobal
