
Microsoft Visual Studio Solution File, Format Version 12.00
# Visual Studio Version 17
VisualStudioVersion = 17.4.33205.214
MinimumVisualStudioVersion = 10.0.40219.1
Project("{FAE04EC0-301F-11D3-BF4B-00C04F79EFBC}") = "ConsoleDemoPort", "ConsoleDemoPort\ConsoleDemoPort.csproj", "{DDAAD3E8-EEFD-44F1-BD0C-A72A92033F85}"
EndProject
Global
	GlobalSection(SolutionConfigurationPlatforms) = preSolution
		Debug|Any CPU = Debug|Any CPU
		Release|Any CPU = Release|Any CPU
	EndGlobalSection
	GlobalSection(ProjectConfigurationPlatforms) = postSolution
		{DDAAD3E8-EEFD-44F1-BD0C-A72A92033F85}.Debug|Any CPU.ActiveCfg = Debug|Any CPU
		{DDAAD3E8-EEFD-44F1-BD0C-A72A92033F85}.Debug|Any CPU.Build.0 = Debug|Any CPU
		{DDAAD3E8-EEFD-44F1-BD0C-A72A92033F85}.Release|Any CPU.ActiveCfg = Release|Any CPU
		{DDAAD3E8-EEFD-44F1-BD0C-A72A92033F85}.Release|Any CPU.Build.0 = Release|Any CPU
	EndGlobalSection
	GlobalSection(SolutionProperties) = preSolution
		HideSolutionNode = FALSE
	EndGlobalSection
	GlobalSection(ExtensibilityGlobals) = postSolution
		SolutionGuid = {27F68591-B72D-48A8-A19F-72177DBD595B}
	EndGlobalSection
EndGlobal
