
Microsoft Visual Studio Solution File, Format Version 12.00
# Visual Studio Version 17
VisualStudioVersion = 17.4.33205.214
MinimumVisualStudioVersion = 10.0.40219.1
Project("{FAE04EC0-301F-11D3-BF4B-00C04F79EFBC}") = "ConsoleDemoTax", "ConsoleDemoTax\ConsoleDemoTax.csproj", "{617335EE-3D9C-4FD2-8D6D-F8087DE28AB5}"
EndProject
Global
	GlobalSection(SolutionConfigurationPlatforms) = preSolution
		Debug|Any CPU = Debug|Any CPU
		Release|Any CPU = Release|Any CPU
	EndGlobalSection
	GlobalSection(ProjectConfigurationPlatforms) = postSolution
		{617335EE-3D9C-4FD2-8D6D-F8087DE28AB5}.Debug|Any CPU.ActiveCfg = Debug|Any CPU
		{617335EE-3D9C-4FD2-8D6D-F8087DE28AB5}.Debug|Any CPU.Build.0 = Debug|Any CPU
		{617335EE-3D9C-4FD2-8D6D-F8087DE28AB5}.Release|Any CPU.ActiveCfg = Release|Any CPU
		{617335EE-3D9C-4FD2-8D6D-F8087DE28AB5}.Release|Any CPU.Build.0 = Release|Any CPU
	EndGlobalSection
	GlobalSection(SolutionProperties) = preSolution
		HideSolutionNode = FALSE
	EndGlobalSection
	GlobalSection(ExtensibilityGlobals) = postSolution
		SolutionGuid = {AD31C8F4-4323-446C-8089-828491519300}
	EndGlobalSection
EndGlobal
