
Microsoft Visual Studio Solution File, Format Version 12.00
# Visual Studio Version 17
VisualStudioVersion = 17.4.33205.214
MinimumVisualStudioVersion = 10.0.40219.1
Project("{FAE04EC0-301F-11D3-BF4B-00C04F79EFBC}") = "ConsoleDemoPing", "ConsoleDemoPing\ConsoleDemoPing.csproj", "{72A245C2-0C92-4B9E-BD7D-D163081A2CE6}"
EndProject
Global
	GlobalSection(SolutionConfigurationPlatforms) = preSolution
		Debug|Any CPU = Debug|Any CPU
		Release|Any CPU = Release|Any CPU
	EndGlobalSection
	GlobalSection(ProjectConfigurationPlatforms) = postSolution
		{72A245C2-0C92-4B9E-BD7D-D163081A2CE6}.Debug|Any CPU.ActiveCfg = Debug|Any CPU
		{72A245C2-0C92-4B9E-BD7D-D163081A2CE6}.Debug|Any CPU.Build.0 = Debug|Any CPU
		{72A245C2-0C92-4B9E-BD7D-D163081A2CE6}.Release|Any CPU.ActiveCfg = Release|Any CPU
		{72A245C2-0C92-4B9E-BD7D-D163081A2CE6}.Release|Any CPU.Build.0 = Release|Any CPU
	EndGlobalSection
	GlobalSection(SolutionProperties) = preSolution
		HideSolutionNode = FALSE
	EndGlobalSection
	GlobalSection(ExtensibilityGlobals) = postSolution
		SolutionGuid = {73E68E67-48E6-4B5F-822A-35185F033C91}
	EndGlobalSection
EndGlobal
